
Microsoft Visual Studio Solution File, Format Version 12.00
# Visual Studio Version 17
VisualStudioVersion = 17.10.35013.160
MinimumVisualStudioVersion = 10.0.40219.1
Project("{FAE04EC0-301F-11D3-BF4B-00C04F79EFBC}") = "WhiteLagoon.Web", "WebAppp\WhiteLagoon.Web.csproj", "{42F19678-64D9-4D78-9666-799C80C72065}"
EndProject
Global
	GlobalSection(SolutionConfigurationPlatforms) = preSolution
		Debug|Any CPU = Debug|Any CPU
		Release|Any CPU = Release|Any CPU
	EndGlobalSection
	GlobalSection(ProjectConfigurationPlatforms) = postSolution
		{42F19678-64D9-4D78-9666-799C80C72065}.Debug|Any CPU.ActiveCfg = Debug|Any CPU
		{42F19678-64D9-4D78-9666-799C80C72065}.Debug|Any CPU.Build.0 = Debug|Any CPU
		{42F19678-64D9-4D78-9666-799C80C72065}.Release|Any CPU.ActiveCfg = Release|Any CPU
		{42F19678-64D9-4D78-9666-799C80C72065}.Release|Any CPU.Build.0 = Release|Any CPU
	EndGlobalSection
	GlobalSection(SolutionProperties) = preSolution
		HideSolutionNode = FALSE
	EndGlobalSection
	GlobalSection(ExtensibilityGlobals) = postSolution
		SolutionGuid = {BDE7BC91-3FEC-471B-B309-1C2B5D9D77AF}
	EndGlobalSection
EndGlobal
